
Microsoft Visual Studio Solution File, Format Version 12.00
# Visual Studio Version 16
VisualStudioVersion = 16.0.30907.101
MinimumVisualStudioVersion = 10.0.40219.1
Project("{FAE04EC0-301F-11D3-BF4B-00C04F79EFBC}") = "AppSecAssigment2", "AppSecAssigment2.csproj", "{AF024952-99ED-430C-9429-FC51846FAEBF}"
EndProject
Global
	GlobalSection(SolutionConfigurationPlatforms) = preSolution
		Debug|Any CPU = Debug|Any CPU
		Release|Any CPU = Release|Any CPU
	EndGlobalSection
	GlobalSection(ProjectConfigurationPlatforms) = postSolution
		{AF024952-99ED-430C-9429-FC51846FAEBF}.Debug|Any CPU.ActiveCfg = Debug|Any CPU
		{AF024952-99ED-430C-9429-FC51846FAEBF}.Debug|Any CPU.Build.0 = Debug|Any CPU
		{AF024952-99ED-430C-9429-FC51846FAEBF}.Release|Any CPU.ActiveCfg = Release|Any CPU
		{AF024952-99ED-430C-9429-FC51846FAEBF}.Release|Any CPU.Build.0 = Release|Any CPU
	EndGlobalSection
	GlobalSection(SolutionProperties) = preSolution
		HideSolutionNode = FALSE
	EndGlobalSection
	GlobalSection(ExtensibilityGlobals) = postSolution
		SolutionGuid = {9822DBA0-9242-45CF-A410-794CEB592A46}
	EndGlobalSection
EndGlobal
